
Microsoft Visual Studio Solution File, Format Version 12.00
# Visual Studio Version 17
VisualStudioVersion = 17.7.34031.279
MinimumVisualStudioVersion = 10.0.40219.1
Project("{FAE04EC0-301F-11D3-BF4B-00C04F79EFBC}") = "cnsGenDice", "cnsGenDice\cnsGenDice.csproj", "{18E180C8-6907-421E-BD80-72184D44D326}"
EndProject
Global
	GlobalSection(SolutionConfigurationPlatforms) = preSolution
		Debug|Any CPU = Debug|Any CPU
		Release|Any CPU = Release|Any CPU
	EndGlobalSection
	GlobalSection(ProjectConfigurationPlatforms) = postSolution
		{18E180C8-6907-421E-BD80-72184D44D326}.Debug|Any CPU.ActiveCfg = Debug|Any CPU
		{18E180C8-6907-421E-BD80-72184D44D326}.Debug|Any CPU.Build.0 = Debug|Any CPU
		{18E180C8-6907-421E-BD80-72184D44D326}.Release|Any CPU.ActiveCfg = Release|Any CPU
		{18E180C8-6907-421E-BD80-72184D44D326}.Release|Any CPU.Build.0 = Release|Any CPU
	EndGlobalSection
	GlobalSection(SolutionProperties) = preSolution
		HideSolutionNode = FALSE
	EndGlobalSection
	GlobalSection(ExtensibilityGlobals) = postSolution
		SolutionGuid = {5B5C7314-A536-4B12-AF73-42F26CADB772}
	EndGlobalSection
EndGlobal
