
Microsoft Visual Studio Solution File, Format Version 12.00
# Visual Studio Version 17
VisualStudioVersion = 17.7.34031.279
MinimumVisualStudioVersion = 10.0.40219.1
Project("{FAE04EC0-301F-11D3-BF4B-00C04F79EFBC}") = "wfFileExplorer", "wfFileExplorer\wfFileExplorer.csproj", "{62870A78-33E0-43E0-B18E-03D1FAE3DDB3}"
EndProject
Global
	GlobalSection(SolutionConfigurationPlatforms) = preSolution
		Debug|Any CPU = Debug|Any CPU
		Release|Any CPU = Release|Any CPU
	EndGlobalSection
	GlobalSection(ProjectConfigurationPlatforms) = postSolution
		{62870A78-33E0-43E0-B18E-03D1FAE3DDB3}.Debug|Any CPU.ActiveCfg = Debug|Any CPU
		{62870A78-33E0-43E0-B18E-03D1FAE3DDB3}.Debug|Any CPU.Build.0 = Debug|Any CPU
		{62870A78-33E0-43E0-B18E-03D1FAE3DDB3}.Release|Any CPU.ActiveCfg = Release|Any CPU
		{62870A78-33E0-43E0-B18E-03D1FAE3DDB3}.Release|Any CPU.Build.0 = Release|Any CPU
	EndGlobalSection
	GlobalSection(SolutionProperties) = preSolution
		HideSolutionNode = FALSE
	EndGlobalSection
	GlobalSection(ExtensibilityGlobals) = postSolution
		SolutionGuid = {0AAE7CE0-1AD1-47FB-837C-C26664EF0975}
	EndGlobalSection
EndGlobal
