
Microsoft Visual Studio Solution File, Format Version 12.00
# Visual Studio Version 16
VisualStudioVersion = 16.0.32407.337
MinimumVisualStudioVersion = 10.0.40219.1
Project("{FAE04EC0-301F-11D3-BF4B-00C04F79EFBC}") = "wfaControlTLP", "wfaControlTLP\wfaControlTLP.csproj", "{5E73186A-42C4-4980-BF5F-5E718A73447C}"
EndProject
Global
	GlobalSection(SolutionConfigurationPlatforms) = preSolution
		Debug|Any CPU = Debug|Any CPU
		Release|Any CPU = Release|Any CPU
	EndGlobalSection
	GlobalSection(ProjectConfigurationPlatforms) = postSolution
		{5E73186A-42C4-4980-BF5F-5E718A73447C}.Debug|Any CPU.ActiveCfg = Debug|Any CPU
		{5E73186A-42C4-4980-BF5F-5E718A73447C}.Debug|Any CPU.Build.0 = Debug|Any CPU
		{5E73186A-42C4-4980-BF5F-5E718A73447C}.Release|Any CPU.ActiveCfg = Release|Any CPU
		{5E73186A-42C4-4980-BF5F-5E718A73447C}.Release|Any CPU.Build.0 = Release|Any CPU
	EndGlobalSection
	GlobalSection(SolutionProperties) = preSolution
		HideSolutionNode = FALSE
	EndGlobalSection
	GlobalSection(ExtensibilityGlobals) = postSolution
		SolutionGuid = {7C2A5496-181D-4771-AB67-E156668956C9}
	EndGlobalSection
EndGlobal
