
Microsoft Visual Studio Solution File, Format Version 12.00
# Visual Studio Version 17
VisualStudioVersion = 17.7.34031.279
MinimumVisualStudioVersion = 10.0.40219.1
Project("{FAE04EC0-301F-11D3-BF4B-00C04F79EFBC}") = "cnsOOPStudent", "cnsOOPStudent\cnsOOPStudent.csproj", "{CDE7C1BE-F8F5-41CE-BBEB-668928D03412}"
EndProject
Global
	GlobalSection(SolutionConfigurationPlatforms) = preSolution
		Debug|Any CPU = Debug|Any CPU
		Release|Any CPU = Release|Any CPU
	EndGlobalSection
	GlobalSection(ProjectConfigurationPlatforms) = postSolution
		{CDE7C1BE-F8F5-41CE-BBEB-668928D03412}.Debug|Any CPU.ActiveCfg = Debug|Any CPU
		{CDE7C1BE-F8F5-41CE-BBEB-668928D03412}.Debug|Any CPU.Build.0 = Debug|Any CPU
		{CDE7C1BE-F8F5-41CE-BBEB-668928D03412}.Release|Any CPU.ActiveCfg = Release|Any CPU
		{CDE7C1BE-F8F5-41CE-BBEB-668928D03412}.Release|Any CPU.Build.0 = Release|Any CPU
	EndGlobalSection
	GlobalSection(SolutionProperties) = preSolution
		HideSolutionNode = FALSE
	EndGlobalSection
	GlobalSection(ExtensibilityGlobals) = postSolution
		SolutionGuid = {7AEC0732-FE47-498B-96AE-779C20E9DF31}
	EndGlobalSection
EndGlobal
