
Microsoft Visual Studio Solution File, Format Version 12.00
# Visual Studio Version 17
VisualStudioVersion = 17.7.34031.279
MinimumVisualStudioVersion = 10.0.40219.1
Project("{FAE04EC0-301F-11D3-BF4B-00C04F79EFBC}") = "cnsDrawRectangle", "cnsDrawRectangle\cnsDrawRectangle.csproj", "{9BEB2A61-3F00-4B21-AB19-3E4A5262E40F}"
EndProject
Global
	GlobalSection(SolutionConfigurationPlatforms) = preSolution
		Debug|Any CPU = Debug|Any CPU
		Release|Any CPU = Release|Any CPU
	EndGlobalSection
	GlobalSection(ProjectConfigurationPlatforms) = postSolution
		{9BEB2A61-3F00-4B21-AB19-3E4A5262E40F}.Debug|Any CPU.ActiveCfg = Debug|Any CPU
		{9BEB2A61-3F00-4B21-AB19-3E4A5262E40F}.Debug|Any CPU.Build.0 = Debug|Any CPU
		{9BEB2A61-3F00-4B21-AB19-3E4A5262E40F}.Release|Any CPU.ActiveCfg = Release|Any CPU
		{9BEB2A61-3F00-4B21-AB19-3E4A5262E40F}.Release|Any CPU.Build.0 = Release|Any CPU
	EndGlobalSection
	GlobalSection(SolutionProperties) = preSolution
		HideSolutionNode = FALSE
	EndGlobalSection
	GlobalSection(ExtensibilityGlobals) = postSolution
		SolutionGuid = {9A94C76B-F75D-4154-BC76-DAF268E708B5}
	EndGlobalSection
EndGlobal
