
Microsoft Visual Studio Solution File, Format Version 12.00
# Visual Studio Version 17
VisualStudioVersion = 17.7.34031.279
MinimumVisualStudioVersion = 10.0.40219.1
Project("{FAE04EC0-301F-11D3-BF4B-00C04F79EFBC}") = "cnsList", "cnsList\cnsList.csproj", "{3ED1ACBD-F385-4824-AF1C-F4A92A45EF00}"
EndProject
Global
	GlobalSection(SolutionConfigurationPlatforms) = preSolution
		Debug|Any CPU = Debug|Any CPU
		Release|Any CPU = Release|Any CPU
	EndGlobalSection
	GlobalSection(ProjectConfigurationPlatforms) = postSolution
		{3ED1ACBD-F385-4824-AF1C-F4A92A45EF00}.Debug|Any CPU.ActiveCfg = Debug|Any CPU
		{3ED1ACBD-F385-4824-AF1C-F4A92A45EF00}.Debug|Any CPU.Build.0 = Debug|Any CPU
		{3ED1ACBD-F385-4824-AF1C-F4A92A45EF00}.Release|Any CPU.ActiveCfg = Release|Any CPU
		{3ED1ACBD-F385-4824-AF1C-F4A92A45EF00}.Release|Any CPU.Build.0 = Release|Any CPU
	EndGlobalSection
	GlobalSection(SolutionProperties) = preSolution
		HideSolutionNode = FALSE
	EndGlobalSection
	GlobalSection(ExtensibilityGlobals) = postSolution
		SolutionGuid = {19B41D91-E754-43E1-9B86-BA68D298B43D}
	EndGlobalSection
EndGlobal
