
Microsoft Visual Studio Solution File, Format Version 12.00
# Visual Studio Version 16
VisualStudioVersion = 16.0.32407.337
MinimumVisualStudioVersion = 10.0.40219.1
Project("{FAE04EC0-301F-11D3-BF4B-00C04F79EFBC}") = "cnsLINQ", "cnsLINQ\cnsLINQ.csproj", "{485A896E-91DA-414D-9B01-A22B539972A2}"
EndProject
Global
	GlobalSection(SolutionConfigurationPlatforms) = preSolution
		Debug|Any CPU = Debug|Any CPU
		Release|Any CPU = Release|Any CPU
	EndGlobalSection
	GlobalSection(ProjectConfigurationPlatforms) = postSolution
		{485A896E-91DA-414D-9B01-A22B539972A2}.Debug|Any CPU.ActiveCfg = Debug|Any CPU
		{485A896E-91DA-414D-9B01-A22B539972A2}.Debug|Any CPU.Build.0 = Debug|Any CPU
		{485A896E-91DA-414D-9B01-A22B539972A2}.Release|Any CPU.ActiveCfg = Release|Any CPU
		{485A896E-91DA-414D-9B01-A22B539972A2}.Release|Any CPU.Build.0 = Release|Any CPU
	EndGlobalSection
	GlobalSection(SolutionProperties) = preSolution
		HideSolutionNode = FALSE
	EndGlobalSection
	GlobalSection(ExtensibilityGlobals) = postSolution
		SolutionGuid = {5D9267DD-E463-44F0-BDE5-9FDBAA01B13E}
	EndGlobalSection
EndGlobal
